
Microsoft Visual Studio Solution File, Format Version 12.00
# Visual Studio Version 17
VisualStudioVersion = 17.4.33213.308
MinimumVisualStudioVersion = 10.0.40219.1
Project("{9A19103F-16F7-4668-BE54-9A1E7A4F7556}") = "HobbyHaven.FrontEnd", "HobbyHaven.FrontEnd\HobbyHaven.FrontEnd.csproj", "{5146451B-B42F-463F-8F54-DB47BB539DFE}"
EndProject
Project("{9A19103F-16F7-4668-BE54-9A1E7A4F7556}") = "HobbyHaven.BackEnd", "HobbyHaven.BackEnd\HobbyHaven.BackEnd.csproj", "{805DADE0-02F7-460E-974E-981DFAB377C0}"
EndProject
Project("{9A19103F-16F7-4668-BE54-9A1E7A4F7556}") = "HobbyHaven.Shared", "HobbyHaven.Shared\HobbyHaven.Shared.csproj", "{CC8539E2-D20E-462B-902D-86159E35D0F2}"
EndProject
Global
	GlobalSection(SolutionConfigurationPlatforms) = preSolution
		Debug|Any CPU = Debug|Any CPU
		Release|Any CPU = Release|Any CPU
	EndGlobalSection
	GlobalSection(ProjectConfigurationPlatforms) = postSolution
		{5146451B-B42F-463F-8F54-DB47BB539DFE}.Debug|Any CPU.ActiveCfg = Debug|Any CPU
		{5146451B-B42F-463F-8F54-DB47BB539DFE}.Debug|Any CPU.Build.0 = Debug|Any CPU
		{5146451B-B42F-463F-8F54-DB47BB539DFE}.Release|Any CPU.ActiveCfg = Release|Any CPU
		{5146451B-B42F-463F-8F54-DB47BB539DFE}.Release|Any CPU.Build.0 = Release|Any CPU
		{805DADE0-02F7-460E-974E-981DFAB377C0}.Debug|Any CPU.ActiveCfg = Debug|Any CPU
		{805DADE0-02F7-460E-974E-981DFAB377C0}.Debug|Any CPU.Build.0 = Debug|Any CPU
		{805DADE0-02F7-460E-974E-981DFAB377C0}.Release|Any CPU.ActiveCfg = Release|Any CPU
		{805DADE0-02F7-460E-974E-981DFAB377C0}.Release|Any CPU.Build.0 = Release|Any CPU
		{CC8539E2-D20E-462B-902D-86159E35D0F2}.Debug|Any CPU.ActiveCfg = Debug|Any CPU
		{CC8539E2-D20E-462B-902D-86159E35D0F2}.Debug|Any CPU.Build.0 = Debug|Any CPU
		{CC8539E2-D20E-462B-902D-86159E35D0F2}.Release|Any CPU.ActiveCfg = Release|Any CPU
		{CC8539E2-D20E-462B-902D-86159E35D0F2}.Release|Any CPU.Build.0 = Release|Any CPU
	EndGlobalSection
	GlobalSection(SolutionProperties) = preSolution
		HideSolutionNode = FALSE
	EndGlobalSection
	GlobalSection(ExtensibilityGlobals) = postSolution
		SolutionGuid = {DE81B3E1-6EB4-4ED0-B1F7-C0BDDE276888}
	EndGlobalSection
EndGlobal
